
Microsoft Visual Studio Solution File, Format Version 12.00
Project("{2150E333-8FDC-42A3-9474-1A3956D46DE8}") = "src", "src", "{9D3F482A-7D5E-4442-957B-731D4DA91211}"
EndProject
Project("{2150E333-8FDC-42A3-9474-1A3956D46DE8}") = "Services", "Services", "{C3D77500-53D4-49D7-9887-1B2D7CA43F9A}"
EndProject
Project("{2150E333-8FDC-42A3-9474-1A3956D46DE8}") = "Shared", "Shared", "{217865CA-8B64-4998-BF5A-62A5FC5302A0}"
EndProject
Project("{FAE04EC0-301F-11D3-BF4B-00C04F79EFBC}") = "SharedKernel", "src\Shared\SharedKernel\SharedKernel.csproj", "{D33976AA-5D9E-4177-8BC7-925841001C42}"
EndProject
Project("{2150E333-8FDC-42A3-9474-1A3956D46DE8}") = "tests", "tests", "{3E9DBA16-566F-40B9-BDDF-3FF7F9278251}"
EndProject
Project("{2150E333-8FDC-42A3-9474-1A3956D46DE8}") = "Shared", "Shared", "{F915C3A8-0850-476C-BB62-222CDD39C516}"
EndProject
Project("{FAE04EC0-301F-11D3-BF4B-00C04F79EFBC}") = "SharedKernel.UnitTests", "tests\Shared\SharedKernel.UnitTests\SharedKernel.UnitTests.csproj", "{85CC80CE-A11C-49A5-A9DB-20A95EF48486}"
EndProject
Project("{FAE04EC0-301F-11D3-BF4B-00C04F79EFBC}") = "OrderMgmt.API", "src\Services\OrderMgmt\OrderMgmt.API\OrderMgmt.API.csproj", "{CC37F9D1-F44B-46AF-B71C-F99FE92425FC}"
EndProject
Project("{2150E333-8FDC-42A3-9474-1A3956D46DE8}") = "OrderMgmt", "OrderMgmt", "{185BE10B-2E77-4573-9203-8E441B84650C}"
EndProject
Project("{2150E333-8FDC-42A3-9474-1A3956D46DE8}") = "Catalog", "Catalog", "{0A10C6D5-9039-4B72-B7F9-3BA001230D69}"
EndProject
Project("{FAE04EC0-301F-11D3-BF4B-00C04F79EFBC}") = "OrderMgmt.Domain", "src\Services\OrderMgmt\OrderMgmt.Domain\OrderMgmt.Domain.csproj", "{38DD930B-096D-4ED6-BBAB-F1C81487EE1D}"
EndProject
Project("{FAE04EC0-301F-11D3-BF4B-00C04F79EFBC}") = "OrderMgmt.Application", "src\Services\OrderMgmt\OrderMgmt.Application\OrderMgmt.Application.csproj", "{E94E46B7-986C-4913-B66A-60EFEED64AF0}"
EndProject
Project("{2150E333-8FDC-42A3-9474-1A3956D46DE8}") = "OrderMgmt", "OrderMgmt", "{F76E64A8-DE73-40EE-8223-086DD84726DA}"
EndProject
Project("{2150E333-8FDC-42A3-9474-1A3956D46DE8}") = "Services", "Services", "{74459FBB-F0D7-4DEC-990E-01E570E7E2EF}"
EndProject
Project("{FAE04EC0-301F-11D3-BF4B-00C04F79EFBC}") = "OrderMgmt.UnitTests", "tests\Services\OrderMgmt\OrderMgmt.UnitTests\OrderMgmt.UnitTests.csproj", "{B60FC101-20F8-47A0-B90F-1237C9E8929F}"
EndProject
Project("{FAE04EC0-301F-11D3-BF4B-00C04F79EFBC}") = "OrderMgmt.Infrastructure", "src\Services\OrderMgmt\OrderMgmt.Infrastructure\OrderMgmt.Infrastructure.csproj", "{B12199ED-CB45-43E6-A816-9491ED63B132}"
EndProject
Global
	GlobalSection(SolutionConfigurationPlatforms) = preSolution
		Debug|Any CPU = Debug|Any CPU
		Release|Any CPU = Release|Any CPU
	EndGlobalSection
	GlobalSection(NestedProjects) = preSolution
		{C3D77500-53D4-49D7-9887-1B2D7CA43F9A} = {9D3F482A-7D5E-4442-957B-731D4DA91211}
		{217865CA-8B64-4998-BF5A-62A5FC5302A0} = {9D3F482A-7D5E-4442-957B-731D4DA91211}
		{D33976AA-5D9E-4177-8BC7-925841001C42} = {217865CA-8B64-4998-BF5A-62A5FC5302A0}
		{F915C3A8-0850-476C-BB62-222CDD39C516} = {3E9DBA16-566F-40B9-BDDF-3FF7F9278251}
		{85CC80CE-A11C-49A5-A9DB-20A95EF48486} = {F915C3A8-0850-476C-BB62-222CDD39C516}
		{185BE10B-2E77-4573-9203-8E441B84650C} = {C3D77500-53D4-49D7-9887-1B2D7CA43F9A}
		{CC37F9D1-F44B-46AF-B71C-F99FE92425FC} = {185BE10B-2E77-4573-9203-8E441B84650C}
		{0A10C6D5-9039-4B72-B7F9-3BA001230D69} = {C3D77500-53D4-49D7-9887-1B2D7CA43F9A}
		{38DD930B-096D-4ED6-BBAB-F1C81487EE1D} = {185BE10B-2E77-4573-9203-8E441B84650C}
		{E94E46B7-986C-4913-B66A-60EFEED64AF0} = {185BE10B-2E77-4573-9203-8E441B84650C}
		{74459FBB-F0D7-4DEC-990E-01E570E7E2EF} = {3E9DBA16-566F-40B9-BDDF-3FF7F9278251}
		{F76E64A8-DE73-40EE-8223-086DD84726DA} = {74459FBB-F0D7-4DEC-990E-01E570E7E2EF}
		{B60FC101-20F8-47A0-B90F-1237C9E8929F} = {F76E64A8-DE73-40EE-8223-086DD84726DA}
		{B12199ED-CB45-43E6-A816-9491ED63B132} = {185BE10B-2E77-4573-9203-8E441B84650C}
	EndGlobalSection
	GlobalSection(ProjectConfigurationPlatforms) = postSolution
		{D33976AA-5D9E-4177-8BC7-925841001C42}.Debug|Any CPU.ActiveCfg = Debug|Any CPU
		{D33976AA-5D9E-4177-8BC7-925841001C42}.Debug|Any CPU.Build.0 = Debug|Any CPU
		{D33976AA-5D9E-4177-8BC7-925841001C42}.Release|Any CPU.ActiveCfg = Release|Any CPU
		{D33976AA-5D9E-4177-8BC7-925841001C42}.Release|Any CPU.Build.0 = Release|Any CPU
		{85CC80CE-A11C-49A5-A9DB-20A95EF48486}.Debug|Any CPU.ActiveCfg = Debug|Any CPU
		{85CC80CE-A11C-49A5-A9DB-20A95EF48486}.Debug|Any CPU.Build.0 = Debug|Any CPU
		{85CC80CE-A11C-49A5-A9DB-20A95EF48486}.Release|Any CPU.ActiveCfg = Release|Any CPU
		{85CC80CE-A11C-49A5-A9DB-20A95EF48486}.Release|Any CPU.Build.0 = Release|Any CPU
		{CC37F9D1-F44B-46AF-B71C-F99FE92425FC}.Debug|Any CPU.ActiveCfg = Debug|Any CPU
		{CC37F9D1-F44B-46AF-B71C-F99FE92425FC}.Debug|Any CPU.Build.0 = Debug|Any CPU
		{CC37F9D1-F44B-46AF-B71C-F99FE92425FC}.Release|Any CPU.ActiveCfg = Release|Any CPU
		{CC37F9D1-F44B-46AF-B71C-F99FE92425FC}.Release|Any CPU.Build.0 = Release|Any CPU
		{38DD930B-096D-4ED6-BBAB-F1C81487EE1D}.Debug|Any CPU.ActiveCfg = Debug|Any CPU
		{38DD930B-096D-4ED6-BBAB-F1C81487EE1D}.Debug|Any CPU.Build.0 = Debug|Any CPU
		{38DD930B-096D-4ED6-BBAB-F1C81487EE1D}.Release|Any CPU.ActiveCfg = Release|Any CPU
		{38DD930B-096D-4ED6-BBAB-F1C81487EE1D}.Release|Any CPU.Build.0 = Release|Any CPU
		{E94E46B7-986C-4913-B66A-60EFEED64AF0}.Debug|Any CPU.ActiveCfg = Debug|Any CPU
		{E94E46B7-986C-4913-B66A-60EFEED64AF0}.Debug|Any CPU.Build.0 = Debug|Any CPU
		{E94E46B7-986C-4913-B66A-60EFEED64AF0}.Release|Any CPU.ActiveCfg = Release|Any CPU
		{E94E46B7-986C-4913-B66A-60EFEED64AF0}.Release|Any CPU.Build.0 = Release|Any CPU
		{B60FC101-20F8-47A0-B90F-1237C9E8929F}.Debug|Any CPU.ActiveCfg = Debug|Any CPU
		{B60FC101-20F8-47A0-B90F-1237C9E8929F}.Debug|Any CPU.Build.0 = Debug|Any CPU
		{B60FC101-20F8-47A0-B90F-1237C9E8929F}.Release|Any CPU.ActiveCfg = Release|Any CPU
		{B60FC101-20F8-47A0-B90F-1237C9E8929F}.Release|Any CPU.Build.0 = Release|Any CPU
		{B12199ED-CB45-43E6-A816-9491ED63B132}.Debug|Any CPU.ActiveCfg = Debug|Any CPU
		{B12199ED-CB45-43E6-A816-9491ED63B132}.Debug|Any CPU.Build.0 = Debug|Any CPU
		{B12199ED-CB45-43E6-A816-9491ED63B132}.Release|Any CPU.ActiveCfg = Release|Any CPU
		{B12199ED-CB45-43E6-A816-9491ED63B132}.Release|Any CPU.Build.0 = Release|Any CPU
	EndGlobalSection
EndGlobal
